<?xml version="1.0" encoding="utf-8"?>
<Project ToolsVersion="4.0" xmlns="http://schemas.microsoft.com/developer/msbuild/2003">
  <ItemGroup>
    <Filter Include="Source Files">
      <UniqueIdentifier>{4FC737F1-C7A5-4376-A066-2A32D752A2FF}</UniqueIdentifier>
      <Extensions>cpp;c;cc;cxx;def;odl;idl;hpj;bat;asm;asmx</Extensions>
    </Filter>
    <Filter Include="Header Files">
      <UniqueIdentifier>{93995380-89BD-4b04-88EB-625FBE52EBFB}</UniqueIdentifier>
      <Extensions>h;hpp;hxx;hm;inl;inc;xsd</Extensions>
    </Filter>
  </ItemGroup>
  <ItemGroup>
    <ClCompile Include="BLAS\SRC\dasum.c">
      <Filter>Source Files</Filter>
    </ClCompile>
    <ClCompile Include="BLAS\SRC\daxpy.c">
      <Filter>Source Files</Filter>
    </ClCompile>
    <ClCompile Include="SRC\dbdsdc.c">
      <Filter>Source Files</Filter>
    </ClCompile>
    <ClCompile Include="SRC\dbdsqr.c">
      <Filter>Source Files</Filter>
    </ClCompile>
    <ClCompile Include="BLAS\SRC\dcabs1.c">
      <Filter>Source Files</Filter>
    </ClCompile>
    <ClCompile Include="BLAS\SRC\dcopy.c">
      <Filter>Source Files</Filter>
    </ClCompile>
    <ClCompile Include="SRC\ddisna.c">
      <Filter>Source Files</Filter>
    </ClCompile>
    <ClCompile Include="BLAS\SRC\ddot.c">
      <Filter>Source Files</Filter>
    </ClCompile>
    <ClCompile Include="SRC\dgbbrd.c">
      <Filter>Source Files</Filter>
    </ClCompile>
    <ClCompile Include="SRC\dgbcon.c">
      <Filter>Source Files</Filter>
    </ClCompile>
    <ClCompile Include="SRC\dgbequ.c">
      <Filter>Source Files</Filter>
    </ClCompile>
    <ClCompile Include="BLAS\SRC\dgbmv.c">
      <Filter>Source Files</Filter>
    </ClCompile>
    <ClCompile Include="SRC\dgbrfs.c">
      <Filter>Source Files</Filter>
    </ClCompile>
    <ClCompile Include="SRC\dgbsv.c">
      <Filter>Source Files</Filter>
    </ClCompile>
    <ClCompile Include="SRC\dgbsvx.c">
      <Filter>Source Files</Filter>
    </ClCompile>
    <ClCompile Include="SRC\dgbtf2.c">
      <Filter>Source Files</Filter>
    </ClCompile>
    <ClCompile Include="SRC\dgbtrf.c">
      <Filter>Source Files</Filter>
    </ClCompile>
    <ClCompile Include="SRC\dgbtrs.c">
      <Filter>Source Files</Filter>
    </ClCompile>
    <ClCompile Include="SRC\dgebak.c">
      <Filter>Source Files</Filter>
    </ClCompile>
    <ClCompile Include="SRC\dgebal.c">
      <Filter>Source Files</Filter>
    </ClCompile>
    <ClCompile Include="SRC\dgebd2.c">
      <Filter>Source Files</Filter>
    </ClCompile>
    <ClCompile Include="SRC\dgebrd.c">
      <Filter>Source Files</Filter>
    </ClCompile>
    <ClCompile Include="SRC\dgecon.c">
      <Filter>Source Files</Filter>
    </ClCompile>
    <ClCompile Include="SRC\dgeequ.c">
      <Filter>Source Files</Filter>
    </ClCompile>
    <ClCompile Include="SRC\dgees.c">
      <Filter>Source Files</Filter>
    </ClCompile>
    <ClCompile Include="SRC\dgeesx.c">
      <Filter>Source Files</Filter>
    </ClCompile>
    <ClCompile Include="SRC\dgeev.c">
      <Filter>Source Files</Filter>
    </ClCompile>
    <ClCompile Include="SRC\dgeevx.c">
      <Filter>Source Files</Filter>
    </ClCompile>
    <ClCompile Include="SRC\dgegs.c">
      <Filter>Source Files</Filter>
    </ClCompile>
    <ClCompile Include="SRC\dgegv.c">
      <Filter>Source Files</Filter>
    </ClCompile>
    <ClCompile Include="SRC\dgehd2.c">
      <Filter>Source Files</Filter>
    </ClCompile>
    <ClCompile Include="SRC\dgehrd.c">
      <Filter>Source Files</Filter>
    </ClCompile>
    <ClCompile Include="SRC\dgelq2.c">
      <Filter>Source Files</Filter>
    </ClCompile>
    <ClCompile Include="SRC\dgelqf.c">
      <Filter>Source Files</Filter>
    </ClCompile>
    <ClCompile Include="SRC\dgels.c">
      <Filter>Source Files</Filter>
    </ClCompile>
    <ClCompile Include="SRC\dgelsd.c">
      <Filter>Source Files</Filter>
    </ClCompile>
    <ClCompile Include="SRC\dgelss.c">
      <Filter>Source Files</Filter>
    </ClCompile>
    <ClCompile Include="SRC\dgelsx.c">
      <Filter>Source Files</Filter>
    </ClCompile>
    <ClCompile Include="SRC\dgelsy.c">
      <Filter>Source Files</Filter>
    </ClCompile>
    <ClCompile Include="BLAS\SRC\dgemm.c">
      <Filter>Source Files</Filter>
    </ClCompile>
    <ClCompile Include="BLAS\SRC\dgemv.c">
      <Filter>Source Files</Filter>
    </ClCompile>
    <ClCompile Include="SRC\dgeql2.c">
      <Filter>Source Files</Filter>
    </ClCompile>
    <ClCompile Include="SRC\dgeqlf.c">
      <Filter>Source Files</Filter>
    </ClCompile>
    <ClCompile Include="SRC\dgeqp3.c">
      <Filter>Source Files</Filter>
    </ClCompile>
    <ClCompile Include="SRC\dgeqpf.c">
      <Filter>Source Files</Filter>
    </ClCompile>
    <ClCompile Include="SRC\dgeqr2.c">
      <Filter>Source Files</Filter>
    </ClCompile>
    <ClCompile Include="SRC\dgeqrf.c">
      <Filter>Source Files</Filter>
    </ClCompile>
    <ClCompile Include="BLAS\SRC\dger.c">
      <Filter>Source Files</Filter>
    </ClCompile>
    <ClCompile Include="SRC\dgerfs.c">
      <Filter>Source Files</Filter>
    </ClCompile>
    <ClCompile Include="SRC\dgerq2.c">
      <Filter>Source Files</Filter>
    </ClCompile>
    <ClCompile Include="SRC\dgerqf.c">
      <Filter>Source Files</Filter>
    </ClCompile>
    <ClCompile Include="SRC\dgesc2.c">
      <Filter>Source Files</Filter>
    </ClCompile>
    <ClCompile Include="SRC\dgesdd.c">
      <Filter>Source Files</Filter>
    </ClCompile>
    <ClCompile Include="SRC\dgesv.c">
      <Filter>Source Files</Filter>
    </ClCompile>
    <ClCompile Include="SRC\dgesvd.c">
      <Filter>Source Files</Filter>
    </ClCompile>
    <ClCompile Include="SRC\dgesvx.c">
      <Filter>Source Files</Filter>
    </ClCompile>
    <ClCompile Include="SRC\dgetc2.c">
      <Filter>Source Files</Filter>
    </ClCompile>
    <ClCompile Include="SRC\dgetf2.c">
      <Filter>Source Files</Filter>
    </ClCompile>
    <ClCompile Include="SRC\dgetrf.c">
      <Filter>Source Files</Filter>
    </ClCompile>
    <ClCompile Include="SRC\dgetri.c">
      <Filter>Source Files</Filter>
    </ClCompile>
    <ClCompile Include="SRC\dgetrs.c">
      <Filter>Source Files</Filter>
    </ClCompile>
    <ClCompile Include="SRC\dggbak.c">
      <Filter>Source Files</Filter>
    </ClCompile>
    <ClCompile Include="SRC\dggbal.c">
      <Filter>Source Files</Filter>
    </ClCompile>
    <ClCompile Include="SRC\dgges.c">
      <Filter>Source Files</Filter>
    </ClCompile>
    <ClCompile Include="SRC\dggesx.c">
      <Filter>Source Files</Filter>
    </ClCompile>
    <ClCompile Include="SRC\dggev.c">
      <Filter>Source Files</Filter>
    </ClCompile>
    <ClCompile Include="SRC\dggevx.c">
      <Filter>Source Files</Filter>
    </ClCompile>
    <ClCompile Include="SRC\dggglm.c">
      <Filter>Source Files</Filter>
    </ClCompile>
    <ClCompile Include="SRC\dgghrd.c">
      <Filter>Source Files</Filter>
    </ClCompile>
    <ClCompile Include="SRC\dgglse.c">
      <Filter>Source Files</Filter>
    </ClCompile>
    <ClCompile Include="SRC\dggqrf.c">
      <Filter>Source Files</Filter>
    </ClCompile>
    <ClCompile Include="SRC\dggrqf.c">
      <Filter>Source Files</Filter>
    </ClCompile>
    <ClCompile Include="SRC\dggsvd.c">
      <Filter>Source Files</Filter>
    </ClCompile>
    <ClCompile Include="SRC\dggsvp.c">
      <Filter>Source Files</Filter>
    </ClCompile>
    <ClCompile Include="SRC\dgtcon.c">
      <Filter>Source Files</Filter>
    </ClCompile>
    <ClCompile Include="SRC\dgtrfs.c">
      <Filter>Source Files</Filter>
    </ClCompile>
    <ClCompile Include="SRC\dgtsv.c">
      <Filter>Source Files</Filter>
    </ClCompile>
    <ClCompile Include="SRC\dgtsvx.c">
      <Filter>Source Files</Filter>
    </ClCompile>
    <ClCompile Include="SRC\dgttrf.c">
      <Filter>Source Files</Filter>
    </ClCompile>
    <ClCompile Include="SRC\dgttrs.c">
      <Filter>Source Files</Filter>
    </ClCompile>
    <ClCompile Include="SRC\dgtts2.c">
      <Filter>Source Files</Filter>
    </ClCompile>
    <ClCompile Include="SRC\dhgeqz.c">
      <Filter>Source Files</Filter>
    </ClCompile>
    <ClCompile Include="SRC\dhsein.c">
      <Filter>Source Files</Filter>
    </ClCompile>
    <ClCompile Include="SRC\dhseqr.c">
      <Filter>Source Files</Filter>
    </ClCompile>
    <ClCompile Include="SRC\disnan.c">
      <Filter>Source Files</Filter>
    </ClCompile>
    <ClCompile Include="SRC\dlabad.c">
      <Filter>Source Files</Filter>
    </ClCompile>
    <ClCompile Include="SRC\dlabrd.c">
      <Filter>Source Files</Filter>
    </ClCompile>
    <ClCompile Include="SRC\dlacn2.c">
      <Filter>Source Files</Filter>
    </ClCompile>
    <ClCompile Include="SRC\dlacon.c">
      <Filter>Source Files</Filter>
    </ClCompile>
    <ClCompile Include="SRC\dlacpy.c">
      <Filter>Source Files</Filter>
    </ClCompile>
    <ClCompile Include="SRC\dladiv.c">
      <Filter>Source Files</Filter>
    </ClCompile>
    <ClCompile Include="SRC\dlae2.c">
      <Filter>Source Files</Filter>
    </ClCompile>
    <ClCompile Include="SRC\dlaebz.c">
      <Filter>Source Files</Filter>
    </ClCompile>
    <ClCompile Include="SRC\dlaed0.c">
      <Filter>Source Files</Filter>
    </ClCompile>
    <ClCompile Include="SRC\dlaed1.c">
      <Filter>Source Files</Filter>
    </ClCompile>
    <ClCompile Include="SRC\dlaed2.c">
      <Filter>Source Files</Filter>
    </ClCompile>
    <ClCompile Include="SRC\dlaed3.c">
      <Filter>Source Files</Filter>
    </ClCompile>
    <ClCompile Include="SRC\dlaed4.c">
      <Filter>Source Files</Filter>
    </ClCompile>
    <ClCompile Include="SRC\dlaed5.c">
      <Filter>Source Files</Filter>
    </ClCompile>
    <ClCompile Include="SRC\dlaed6.c">
      <Filter>Source Files</Filter>
    </ClCompile>
    <ClCompile Include="SRC\dlaed7.c">
      <Filter>Source Files</Filter>
    </ClCompile>
    <ClCompile Include="SRC\dlaed8.c">
      <Filter>Source Files</Filter>
    </ClCompile>
    <ClCompile Include="SRC\dlaed9.c">
      <Filter>Source Files</Filter>
    </ClCompile>
    <ClCompile Include="SRC\dlaeda.c">
      <Filter>Source Files</Filter>
    </ClCompile>
    <ClCompile Include="SRC\dlaein.c">
      <Filter>Source Files</Filter>
    </ClCompile>
    <ClCompile Include="SRC\dlaev2.c">
      <Filter>Source Files</Filter>
    </ClCompile>
    <ClCompile Include="SRC\dlaexc.c">
      <Filter>Source Files</Filter>
    </ClCompile>
    <ClCompile Include="SRC\dlag2.c">
      <Filter>Source Files</Filter>
    </ClCompile>
    <ClCompile Include="SRC\dlag2s.c">
      <Filter>Source Files</Filter>
    </ClCompile>
    <ClCompile Include="SRC\dlags2.c">
      <Filter>Source Files</Filter>
    </ClCompile>
    <ClCompile Include="SRC\dlagtf.c">
      <Filter>Source Files</Filter>
    </ClCompile>
    <ClCompile Include="SRC\dlagtm.c">
      <Filter>Source Files</Filter>
    </ClCompile>
    <ClCompile Include="SRC\dlagts.c">
      <Filter>Source Files</Filter>
    </ClCompile>
    <ClCompile Include="SRC\dlagv2.c">
      <Filter>Source Files</Filter>
    </ClCompile>
    <ClCompile Include="SRC\dlahqr.c">
      <Filter>Source Files</Filter>
    </ClCompile>
    <ClCompile Include="SRC\dlahr2.c">
      <Filter>Source Files</Filter>
    </ClCompile>
    <ClCompile Include="SRC\dlahrd.c">
      <Filter>Source Files</Filter>
    </ClCompile>
    <ClCompile Include="SRC\dlaic1.c">
      <Filter>Source Files</Filter>
    </ClCompile>
    <ClCompile Include="SRC\dlaisnan.c">
      <Filter>Source Files</Filter>
    </ClCompile>
    <ClCompile Include="SRC\dlaln2.c">
      <Filter>Source Files</Filter>
    </ClCompile>
    <ClCompile Include="SRC\dlals0.c">
      <Filter>Source Files</Filter>
    </ClCompile>
    <ClCompile Include="SRC\dlalsa.c">
      <Filter>Source Files</Filter>
    </ClCompile>
    <ClCompile Include="SRC\dlalsd.c">
      <Filter>Source Files</Filter>
    </ClCompile>
    <ClCompile Include="INSTALL\dlamch.c">
      <Filter>Source Files</Filter>
    </ClCompile>
    <ClCompile Include="INSTALL\dlamchtst.c">
      <Filter>Source Files</Filter>
    </ClCompile>
    <ClCompile Include="SRC\dlamrg.c">
      <Filter>Source Files</Filter>
    </ClCompile>
    <ClCompile Include="SRC\dlaneg.c">
      <Filter>Source Files</Filter>
    </ClCompile>
    <ClCompile Include="SRC\dlangb.c">
      <Filter>Source Files</Filter>
    </ClCompile>
    <ClCompile Include="SRC\dlange.c">
      <Filter>Source Files</Filter>
    </ClCompile>
    <ClCompile Include="SRC\dlangt.c">
      <Filter>Source Files</Filter>
    </ClCompile>
    <ClCompile Include="SRC\dlanhs.c">
      <Filter>Source Files</Filter>
    </ClCompile>
    <ClCompile Include="SRC\dlansb.c">
      <Filter>Source Files</Filter>
    </ClCompile>
    <ClCompile Include="SRC\dlansp.c">
      <Filter>Source Files</Filter>
    </ClCompile>
    <ClCompile Include="SRC\dlanst.c">
      <Filter>Source Files</Filter>
    </ClCompile>
    <ClCompile Include="SRC\dlansy.c">
      <Filter>Source Files</Filter>
    </ClCompile>
    <ClCompile Include="SRC\dlantb.c">
      <Filter>Source Files</Filter>
    </ClCompile>
    <ClCompile Include="SRC\dlantp.c">
      <Filter>Source Files</Filter>
    </ClCompile>
    <ClCompile Include="SRC\dlantr.c">
      <Filter>Source Files</Filter>
    </ClCompile>
    <ClCompile Include="SRC\dlanv2.c">
      <Filter>Source Files</Filter>
    </ClCompile>
    <ClCompile Include="SRC\dlapll.c">
      <Filter>Source Files</Filter>
    </ClCompile>
    <ClCompile Include="SRC\dlapmt.c">
      <Filter>Source Files</Filter>
    </ClCompile>
    <ClCompile Include="SRC\dlapy2.c">
      <Filter>Source Files</Filter>
    </ClCompile>
    <ClCompile Include="SRC\dlapy3.c">
      <Filter>Source Files</Filter>
    </ClCompile>
    <ClCompile Include="SRC\dlaqgb.c">
      <Filter>Source Files</Filter>
    </ClCompile>
    <ClCompile Include="SRC\dlaqge.c">
      <Filter>Source Files</Filter>
    </ClCompile>
    <ClCompile Include="SRC\dlaqp2.c">
      <Filter>Source Files</Filter>
    </ClCompile>
    <ClCompile Include="SRC\dlaqps.c">
      <Filter>Source Files</Filter>
    </ClCompile>
    <ClCompile Include="SRC\dlaqr0.c">
      <Filter>Source Files</Filter>
    </ClCompile>
    <ClCompile Include="SRC\dlaqr1.c">
      <Filter>Source Files</Filter>
    </ClCompile>
    <ClCompile Include="SRC\dlaqr2.c">
      <Filter>Source Files</Filter>
    </ClCompile>
    <ClCompile Include="SRC\dlaqr3.c">
      <Filter>Source Files</Filter>
    </ClCompile>
    <ClCompile Include="SRC\dlaqr4.c">
      <Filter>Source Files</Filter>
    </ClCompile>
    <ClCompile Include="SRC\dlaqr5.c">
      <Filter>Source Files</Filter>
    </ClCompile>
    <ClCompile Include="SRC\dlaqsb.c">
      <Filter>Source Files</Filter>
    </ClCompile>
    <ClCompile Include="SRC\dlaqsp.c">
      <Filter>Source Files</Filter>
    </ClCompile>
    <ClCompile Include="SRC\dlaqsy.c">
      <Filter>Source Files</Filter>
    </ClCompile>
    <ClCompile Include="SRC\dlaqtr.c">
      <Filter>Source Files</Filter>
    </ClCompile>
    <ClCompile Include="SRC\dlar1v.c">
      <Filter>Source Files</Filter>
    </ClCompile>
    <ClCompile Include="SRC\dlar2v.c">
      <Filter>Source Files</Filter>
    </ClCompile>
    <ClCompile Include="SRC\dlarf.c">
      <Filter>Source Files</Filter>
    </ClCompile>
    <ClCompile Include="SRC\dlarfb.c">
      <Filter>Source Files</Filter>
    </ClCompile>
    <ClCompile Include="SRC\dlarfg.c">
      <Filter>Source Files</Filter>
    </ClCompile>
    <ClCompile Include="SRC\dlarft.c">
      <Filter>Source Files</Filter>
    </ClCompile>
    <ClCompile Include="SRC\dlarfx.c">
      <Filter>Source Files</Filter>
    </ClCompile>
    <ClCompile Include="SRC\dlargv.c">
      <Filter>Source Files</Filter>
    </ClCompile>
    <ClCompile Include="SRC\dlarnv.c">
      <Filter>Source Files</Filter>
    </ClCompile>
    <ClCompile Include="SRC\dlarra.c">
      <Filter>Source Files</Filter>
    </ClCompile>
    <ClCompile Include="SRC\dlarrb.c">
      <Filter>Source Files</Filter>
    </ClCompile>
    <ClCompile Include="SRC\dlarrc.c">
      <Filter>Source Files</Filter>
    </ClCompile>
    <ClCompile Include="SRC\dlarrd.c">
      <Filter>Source Files</Filter>
    </ClCompile>
    <ClCompile Include="SRC\dlarre.c">
      <Filter>Source Files</Filter>
    </ClCompile>
    <ClCompile Include="SRC\dlarrf.c">
      <Filter>Source Files</Filter>
    </ClCompile>
    <ClCompile Include="SRC\dlarrj.c">
      <Filter>Source Files</Filter>
    </ClCompile>
    <ClCompile Include="SRC\dlarrk.c">
      <Filter>Source Files</Filter>
    </ClCompile>
    <ClCompile Include="SRC\dlarrr.c">
      <Filter>Source Files</Filter>
    </ClCompile>
    <ClCompile Include="SRC\dlarrv.c">
      <Filter>Source Files</Filter>
    </ClCompile>
    <ClCompile Include="SRC\dlartg.c">
      <Filter>Source Files</Filter>
    </ClCompile>
    <ClCompile Include="SRC\dlartv.c">
      <Filter>Source Files</Filter>
    </ClCompile>
    <ClCompile Include="SRC\dlaruv.c">
      <Filter>Source Files</Filter>
    </ClCompile>
    <ClCompile Include="SRC\dlarz.c">
      <Filter>Source Files</Filter>
    </ClCompile>
    <ClCompile Include="SRC\dlarzb.c">
      <Filter>Source Files</Filter>
    </ClCompile>
    <ClCompile Include="SRC\dlarzt.c">
      <Filter>Source Files</Filter>
    </ClCompile>
    <ClCompile Include="SRC\dlas2.c">
      <Filter>Source Files</Filter>
    </ClCompile>
    <ClCompile Include="SRC\dlascl.c">
      <Filter>Source Files</Filter>
    </ClCompile>
    <ClCompile Include="SRC\dlasd0.c">
      <Filter>Source Files</Filter>
    </ClCompile>
    <ClCompile Include="SRC\dlasd1.c">
      <Filter>Source Files</Filter>
    </ClCompile>
    <ClCompile Include="SRC\dlasd2.c">
      <Filter>Source Files</Filter>
    </ClCompile>
    <ClCompile Include="SRC\dlasd3.c">
      <Filter>Source Files</Filter>
    </ClCompile>
    <ClCompile Include="SRC\dlasd4.c">
      <Filter>Source Files</Filter>
    </ClCompile>
    <ClCompile Include="SRC\dlasd5.c">
      <Filter>Source Files</Filter>
    </ClCompile>
    <ClCompile Include="SRC\dlasd6.c">
      <Filter>Source Files</Filter>
    </ClCompile>
    <ClCompile Include="SRC\dlasd7.c">
      <Filter>Source Files</Filter>
    </ClCompile>
    <ClCompile Include="SRC\dlasd8.c">
      <Filter>Source Files</Filter>
    </ClCompile>
    <ClCompile Include="SRC\dlasda.c">
      <Filter>Source Files</Filter>
    </ClCompile>
    <ClCompile Include="SRC\dlasdq.c">
      <Filter>Source Files</Filter>
    </ClCompile>
    <ClCompile Include="SRC\dlasdt.c">
      <Filter>Source Files</Filter>
    </ClCompile>
    <ClCompile Include="SRC\dlaset.c">
      <Filter>Source Files</Filter>
    </ClCompile>
    <ClCompile Include="SRC\dlasq1.c">
      <Filter>Source Files</Filter>
    </ClCompile>
    <ClCompile Include="SRC\dlasq2.c">
      <Filter>Source Files</Filter>
    </ClCompile>
    <ClCompile Include="SRC\dlasq3.c">
      <Filter>Source Files</Filter>
    </ClCompile>
    <ClCompile Include="SRC\dlasq4.c">
      <Filter>Source Files</Filter>
    </ClCompile>
    <ClCompile Include="SRC\dlasq5.c">
      <Filter>Source Files</Filter>
    </ClCompile>
    <ClCompile Include="SRC\dlasq6.c">
      <Filter>Source Files</Filter>
    </ClCompile>
    <ClCompile Include="SRC\dlasr.c">
      <Filter>Source Files</Filter>
    </ClCompile>
    <ClCompile Include="SRC\dlasrt.c">
      <Filter>Source Files</Filter>
    </ClCompile>
    <ClCompile Include="SRC\dlassq.c">
      <Filter>Source Files</Filter>
    </ClCompile>
    <ClCompile Include="SRC\dlasv2.c">
      <Filter>Source Files</Filter>
    </ClCompile>
    <ClCompile Include="SRC\dlaswp.c">
      <Filter>Source Files</Filter>
    </ClCompile>
    <ClCompile Include="SRC\dlasy2.c">
      <Filter>Source Files</Filter>
    </ClCompile>
    <ClCompile Include="SRC\dlasyf.c">
      <Filter>Source Files</Filter>
    </ClCompile>
    <ClCompile Include="SRC\dlatbs.c">
      <Filter>Source Files</Filter>
    </ClCompile>
    <ClCompile Include="SRC\dlatdf.c">
      <Filter>Source Files</Filter>
    </ClCompile>
    <ClCompile Include="SRC\dlatps.c">
      <Filter>Source Files</Filter>
    </ClCompile>
    <ClCompile Include="SRC\dlatrd.c">
      <Filter>Source Files</Filter>
    </ClCompile>
    <ClCompile Include="SRC\dlatrs.c">
      <Filter>Source Files</Filter>
    </ClCompile>
    <ClCompile Include="SRC\dlatrz.c">
      <Filter>Source Files</Filter>
    </ClCompile>
    <ClCompile Include="SRC\dlatzm.c">
      <Filter>Source Files</Filter>
    </ClCompile>
    <ClCompile Include="SRC\dlauu2.c">
      <Filter>Source Files</Filter>
    </ClCompile>
    <ClCompile Include="SRC\dlauum.c">
      <Filter>Source Files</Filter>
    </ClCompile>
    <ClCompile Include="SRC\dlazq3.c">
      <Filter>Source Files</Filter>
    </ClCompile>
    <ClCompile Include="SRC\dlazq4.c">
      <Filter>Source Files</Filter>
    </ClCompile>
    <ClCompile Include="BLAS\SRC\dnrm2.c">
      <Filter>Source Files</Filter>
    </ClCompile>
    <ClCompile Include="SRC\dopgtr.c">
      <Filter>Source Files</Filter>
    </ClCompile>
    <ClCompile Include="SRC\dopmtr.c">
      <Filter>Source Files</Filter>
    </ClCompile>
    <ClCompile Include="SRC\dorg2l.c">
      <Filter>Source Files</Filter>
    </ClCompile>
    <ClCompile Include="SRC\dorg2r.c">
      <Filter>Source Files</Filter>
    </ClCompile>
    <ClCompile Include="SRC\dorgbr.c">
      <Filter>Source Files</Filter>
    </ClCompile>
    <ClCompile Include="SRC\dorghr.c">
      <Filter>Source Files</Filter>
    </ClCompile>
    <ClCompile Include="SRC\dorgl2.c">
      <Filter>Source Files</Filter>
    </ClCompile>
    <ClCompile Include="SRC\dorglq.c">
      <Filter>Source Files</Filter>
    </ClCompile>
    <ClCompile Include="SRC\dorgql.c">
      <Filter>Source Files</Filter>
    </ClCompile>
    <ClCompile Include="SRC\dorgqr.c">
      <Filter>Source Files</Filter>
    </ClCompile>
    <ClCompile Include="SRC\dorgr2.c">
      <Filter>Source Files</Filter>
    </ClCompile>
    <ClCompile Include="SRC\dorgrq.c">
      <Filter>Source Files</Filter>
    </ClCompile>
    <ClCompile Include="SRC\dorgtr.c">
      <Filter>Source Files</Filter>
    </ClCompile>
    <ClCompile Include="SRC\dorm2l.c">
      <Filter>Source Files</Filter>
    </ClCompile>
    <ClCompile Include="SRC\dorm2r.c">
      <Filter>Source Files</Filter>
    </ClCompile>
    <ClCompile Include="SRC\dormbr.c">
      <Filter>Source Files</Filter>
    </ClCompile>
    <ClCompile Include="SRC\dormhr.c">
      <Filter>Source Files</Filter>
    </ClCompile>
    <ClCompile Include="SRC\dorml2.c">
      <Filter>Source Files</Filter>
    </ClCompile>
    <ClCompile Include="SRC\dormlq.c">
      <Filter>Source Files</Filter>
    </ClCompile>
    <ClCompile Include="SRC\dormql.c">
      <Filter>Source Files</Filter>
    </ClCompile>
    <ClCompile Include="SRC\dormqr.c">
      <Filter>Source Files</Filter>
    </ClCompile>
    <ClCompile Include="SRC\dormr2.c">
      <Filter>Source Files</Filter>
    </ClCompile>
    <ClCompile Include="SRC\dormr3.c">
      <Filter>Source Files</Filter>
    </ClCompile>
    <ClCompile Include="SRC\dormrq.c">
      <Filter>Source Files</Filter>
    </ClCompile>
    <ClCompile Include="SRC\dormrz.c">
      <Filter>Source Files</Filter>
    </ClCompile>
    <ClCompile Include="SRC\dormtr.c">
      <Filter>Source Files</Filter>
    </ClCompile>
    <ClCompile Include="SRC\dpbcon.c">
      <Filter>Source Files</Filter>
    </ClCompile>
    <ClCompile Include="SRC\dpbequ.c">
      <Filter>Source Files</Filter>
    </ClCompile>
    <ClCompile Include="SRC\dpbrfs.c">
      <Filter>Source Files</Filter>
    </ClCompile>
    <ClCompile Include="SRC\dpbstf.c">
      <Filter>Source Files</Filter>
    </ClCompile>
    <ClCompile Include="SRC\dpbsv.c">
      <Filter>Source Files</Filter>
    </ClCompile>
    <ClCompile Include="SRC\dpbsvx.c">
      <Filter>Source Files</Filter>
    </ClCompile>
    <ClCompile Include="SRC\dpbtf2.c">
      <Filter>Source Files</Filter>
    </ClCompile>
    <ClCompile Include="SRC\dpbtrf.c">
      <Filter>Source Files</Filter>
    </ClCompile>
    <ClCompile Include="SRC\dpbtrs.c">
      <Filter>Source Files</Filter>
    </ClCompile>
    <ClCompile Include="SRC\dpocon.c">
      <Filter>Source Files</Filter>
    </ClCompile>
    <ClCompile Include="SRC\dpoequ.c">
      <Filter>Source Files</Filter>
    </ClCompile>
    <ClCompile Include="SRC\dporfs.c">
      <Filter>Source Files</Filter>
    </ClCompile>
    <ClCompile Include="SRC\dposv.c">
      <Filter>Source Files</Filter>
    </ClCompile>
    <ClCompile Include="SRC\dposvx.c">
      <Filter>Source Files</Filter>
    </ClCompile>
    <ClCompile Include="SRC\dpotf2.c">
      <Filter>Source Files</Filter>
    </ClCompile>
    <ClCompile Include="SRC\dpotrf.c">
      <Filter>Source Files</Filter>
    </ClCompile>
    <ClCompile Include="SRC\dpotri.c">
      <Filter>Source Files</Filter>
    </ClCompile>
    <ClCompile Include="SRC\dpotrs.c">
      <Filter>Source Files</Filter>
    </ClCompile>
    <ClCompile Include="SRC\dppcon.c">
      <Filter>Source Files</Filter>
    </ClCompile>
    <ClCompile Include="SRC\dppequ.c">
      <Filter>Source Files</Filter>
    </ClCompile>
    <ClCompile Include="SRC\dpprfs.c">
      <Filter>Source Files</Filter>
    </ClCompile>
    <ClCompile Include="SRC\dppsv.c">
      <Filter>Source Files</Filter>
    </ClCompile>
    <ClCompile Include="SRC\dppsvx.c">
      <Filter>Source Files</Filter>
    </ClCompile>
    <ClCompile Include="SRC\dpptrf.c">
      <Filter>Source Files</Filter>
    </ClCompile>
    <ClCompile Include="SRC\dpptri.c">
      <Filter>Source Files</Filter>
    </ClCompile>
    <ClCompile Include="SRC\dpptrs.c">
      <Filter>Source Files</Filter>
    </ClCompile>
    <ClCompile Include="SRC\dptcon.c">
      <Filter>Source Files</Filter>
    </ClCompile>
    <ClCompile Include="SRC\dpteqr.c">
      <Filter>Source Files</Filter>
    </ClCompile>
    <ClCompile Include="SRC\dptrfs.c">
      <Filter>Source Files</Filter>
    </ClCompile>
    <ClCompile Include="SRC\dptsv.c">
      <Filter>Source Files</Filter>
    </ClCompile>
    <ClCompile Include="SRC\dptsvx.c">
      <Filter>Source Files</Filter>
    </ClCompile>
    <ClCompile Include="SRC\dpttrf.c">
      <Filter>Source Files</Filter>
    </ClCompile>
    <ClCompile Include="SRC\dpttrs.c">
      <Filter>Source Files</Filter>
    </ClCompile>
    <ClCompile Include="SRC\dptts2.c">
      <Filter>Source Files</Filter>
    </ClCompile>
    <ClCompile Include="BLAS\SRC\drot.c">
      <Filter>Source Files</Filter>
    </ClCompile>
    <ClCompile Include="BLAS\SRC\drotg.c">
      <Filter>Source Files</Filter>
    </ClCompile>
    <ClCompile Include="BLAS\SRC\drotm.c">
      <Filter>Source Files</Filter>
    </ClCompile>
    <ClCompile Include="BLAS\SRC\drotmg.c">
      <Filter>Source Files</Filter>
    </ClCompile>
    <ClCompile Include="SRC\drscl.c">
      <Filter>Source Files</Filter>
    </ClCompile>
    <ClCompile Include="SRC\dsbev.c">
      <Filter>Source Files</Filter>
    </ClCompile>
    <ClCompile Include="SRC\dsbevd.c">
      <Filter>Source Files</Filter>
    </ClCompile>
    <ClCompile Include="SRC\dsbevx.c">
      <Filter>Source Files</Filter>
    </ClCompile>
    <ClCompile Include="SRC\dsbgst.c">
      <Filter>Source Files</Filter>
    </ClCompile>
    <ClCompile Include="SRC\dsbgv.c">
      <Filter>Source Files</Filter>
    </ClCompile>
    <ClCompile Include="SRC\dsbgvd.c">
      <Filter>Source Files</Filter>
    </ClCompile>
    <ClCompile Include="SRC\dsbgvx.c">
      <Filter>Source Files</Filter>
    </ClCompile>
    <ClCompile Include="BLAS\SRC\dsbmv.c">
      <Filter>Source Files</Filter>
    </ClCompile>
    <ClCompile Include="SRC\dsbtrd.c">
      <Filter>Source Files</Filter>
    </ClCompile>
    <ClCompile Include="BLAS\SRC\dscal.c">
      <Filter>Source Files</Filter>
    </ClCompile>
    <ClCompile Include="BLAS\SRC\dsdot.c">
      <Filter>Source Files</Filter>
    </ClCompile>
    <ClCompile Include="INSTALL\dsecndtst.c">
      <Filter>Source Files</Filter>
    </ClCompile>
    <ClCompile Include="SRC\dsgesv.c">
      <Filter>Source Files</Filter>
    </ClCompile>
    <ClCompile Include="SRC\dspcon.c">
      <Filter>Source Files</Filter>
    </ClCompile>
    <ClCompile Include="SRC\dspev.c">
      <Filter>Source Files</Filter>
    </ClCompile>
    <ClCompile Include="SRC\dspevd.c">
      <Filter>Source Files</Filter>
    </ClCompile>
    <ClCompile Include="SRC\dspevx.c">
      <Filter>Source Files</Filter>
    </ClCompile>
    <ClCompile Include="SRC\dspgst.c">
      <Filter>Source Files</Filter>
    </ClCompile>
    <ClCompile Include="SRC\dspgv.c">
      <Filter>Source Files</Filter>
    </ClCompile>
    <ClCompile Include="SRC\dspgvd.c">
      <Filter>Source Files</Filter>
    </ClCompile>
    <ClCompile Include="SRC\dspgvx.c">
      <Filter>Source Files</Filter>
    </ClCompile>
    <ClCompile Include="BLAS\SRC\dspmv.c">
      <Filter>Source Files</Filter>
    </ClCompile>
    <ClCompile Include="BLAS\SRC\dspr.c">
      <Filter>Source Files</Filter>
    </ClCompile>
    <ClCompile Include="BLAS\SRC\dspr2.c">
      <Filter>Source Files</Filter>
    </ClCompile>
    <ClCompile Include="SRC\dsprfs.c">
      <Filter>Source Files</Filter>
    </ClCompile>
    <ClCompile Include="SRC\dspsv.c">
      <Filter>Source Files</Filter>
    </ClCompile>
    <ClCompile Include="SRC\dspsvx.c">
      <Filter>Source Files</Filter>
    </ClCompile>
    <ClCompile Include="SRC\dsptrd.c">
      <Filter>Source Files</Filter>
    </ClCompile>
    <ClCompile Include="SRC\dsptrf.c">
      <Filter>Source Files</Filter>
    </ClCompile>
    <ClCompile Include="SRC\dsptri.c">
      <Filter>Source Files</Filter>
    </ClCompile>
    <ClCompile Include="SRC\dsptrs.c">
      <Filter>Source Files</Filter>
    </ClCompile>
    <ClCompile Include="SRC\dstebz.c">
      <Filter>Source Files</Filter>
    </ClCompile>
    <ClCompile Include="SRC\dstedc.c">
      <Filter>Source Files</Filter>
    </ClCompile>
    <ClCompile Include="SRC\dstegr.c">
      <Filter>Source Files</Filter>
    </ClCompile>
    <ClCompile Include="SRC\dstein.c">
      <Filter>Source Files</Filter>
    </ClCompile>
    <ClCompile Include="SRC\dstemr.c">
      <Filter>Source Files</Filter>
    </ClCompile>
    <ClCompile Include="SRC\dsteqr.c">
      <Filter>Source Files</Filter>
    </ClCompile>
    <ClCompile Include="SRC\dsterf.c">
      <Filter>Source Files</Filter>
    </ClCompile>
    <ClCompile Include="SRC\dstev.c">
      <Filter>Source Files</Filter>
    </ClCompile>
    <ClCompile Include="SRC\dstevd.c">
      <Filter>Source Files</Filter>
    </ClCompile>
    <ClCompile Include="SRC\dstevr.c">
      <Filter>Source Files</Filter>
    </ClCompile>
    <ClCompile Include="SRC\dstevx.c">
      <Filter>Source Files</Filter>
    </ClCompile>
    <ClCompile Include="BLAS\SRC\dswap.c">
      <Filter>Source Files</Filter>
    </ClCompile>
    <ClCompile Include="SRC\dsycon.c">
      <Filter>Source Files</Filter>
    </ClCompile>
    <ClCompile Include="SRC\dsyev.c">
      <Filter>Source Files</Filter>
    </ClCompile>
    <ClCompile Include="SRC\dsyevd.c">
      <Filter>Source Files</Filter>
    </ClCompile>
    <ClCompile Include="SRC\dsyevr.c">
      <Filter>Source Files</Filter>
    </ClCompile>
    <ClCompile Include="SRC\dsyevx.c">
      <Filter>Source Files</Filter>
    </ClCompile>
    <ClCompile Include="SRC\dsygs2.c">
      <Filter>Source Files</Filter>
    </ClCompile>
    <ClCompile Include="SRC\dsygst.c">
      <Filter>Source Files</Filter>
    </ClCompile>
    <ClCompile Include="SRC\dsygv.c">
      <Filter>Source Files</Filter>
    </ClCompile>
    <ClCompile Include="SRC\dsygvd.c">
      <Filter>Source Files</Filter>
    </ClCompile>
    <ClCompile Include="SRC\dsygvx.c">
      <Filter>Source Files</Filter>
    </ClCompile>
    <ClCompile Include="BLAS\SRC\dsymm.c">
      <Filter>Source Files</Filter>
    </ClCompile>
    <ClCompile Include="BLAS\SRC\dsymv.c">
      <Filter>Source Files</Filter>
    </ClCompile>
    <ClCompile Include="BLAS\SRC\dsyr.c">
      <Filter>Source Files</Filter>
    </ClCompile>
    <ClCompile Include="BLAS\SRC\dsyr2.c">
      <Filter>Source Files</Filter>
    </ClCompile>
    <ClCompile Include="BLAS\SRC\dsyr2k.c">
      <Filter>Source Files</Filter>
    </ClCompile>
    <ClCompile Include="SRC\dsyrfs.c">
      <Filter>Source Files</Filter>
    </ClCompile>
    <ClCompile Include="BLAS\SRC\dsyrk.c">
      <Filter>Source Files</Filter>
    </ClCompile>
    <ClCompile Include="SRC\dsysv.c">
      <Filter>Source Files</Filter>
    </ClCompile>
    <ClCompile Include="SRC\dsysvx.c">
      <Filter>Source Files</Filter>
    </ClCompile>
    <ClCompile Include="SRC\dsytd2.c">
      <Filter>Source Files</Filter>
    </ClCompile>
    <ClCompile Include="SRC\dsytf2.c">
      <Filter>Source Files</Filter>
    </ClCompile>
    <ClCompile Include="SRC\dsytrd.c">
      <Filter>Source Files</Filter>
    </ClCompile>
    <ClCompile Include="SRC\dsytrf.c">
      <Filter>Source Files</Filter>
    </ClCompile>
    <ClCompile Include="SRC\dsytri.c">
      <Filter>Source Files</Filter>
    </ClCompile>
    <ClCompile Include="SRC\dsytrs.c">
      <Filter>Source Files</Filter>
    </ClCompile>
    <ClCompile Include="SRC\dtbcon.c">
      <Filter>Source Files</Filter>
    </ClCompile>
    <ClCompile Include="BLAS\SRC\dtbmv.c">
      <Filter>Source Files</Filter>
    </ClCompile>
    <ClCompile Include="SRC\dtbrfs.c">
      <Filter>Source Files</Filter>
    </ClCompile>
    <ClCompile Include="BLAS\SRC\dtbsv.c">
      <Filter>Source Files</Filter>
    </ClCompile>
    <ClCompile Include="SRC\dtbtrs.c">
      <Filter>Source Files</Filter>
    </ClCompile>
    <ClCompile Include="SRC\dtgevc.c">
      <Filter>Source Files</Filter>
    </ClCompile>
    <ClCompile Include="SRC\dtgex2.c">
      <Filter>Source Files</Filter>
    </ClCompile>
    <ClCompile Include="SRC\dtgexc.c">
      <Filter>Source Files</Filter>
    </ClCompile>
    <ClCompile Include="SRC\dtgsen.c">
      <Filter>Source Files</Filter>
    </ClCompile>
    <ClCompile Include="SRC\dtgsja.c">
      <Filter>Source Files</Filter>
    </ClCompile>
    <ClCompile Include="SRC\dtgsna.c">
      <Filter>Source Files</Filter>
    </ClCompile>
    <ClCompile Include="SRC\dtgsy2.c">
      <Filter>Source Files</Filter>
    </ClCompile>
    <ClCompile Include="SRC\dtgsyl.c">
      <Filter>Source Files</Filter>
    </ClCompile>
    <ClCompile Include="SRC\dtpcon.c">
      <Filter>Source Files</Filter>
    </ClCompile>
    <ClCompile Include="BLAS\SRC\dtpmv.c">
      <Filter>Source Files</Filter>
    </ClCompile>
    <ClCompile Include="SRC\dtprfs.c">
      <Filter>Source Files</Filter>
    </ClCompile>
    <ClCompile Include="BLAS\SRC\dtpsv.c">
      <Filter>Source Files</Filter>
    </ClCompile>
    <ClCompile Include="SRC\dtptri.c">
      <Filter>Source Files</Filter>
    </ClCompile>
    <ClCompile Include="SRC\dtptrs.c">
      <Filter>Source Files</Filter>
    </ClCompile>
    <ClCompile Include="SRC\dtrcon.c">
      <Filter>Source Files</Filter>
    </ClCompile>
    <ClCompile Include="SRC\dtrevc.c">
      <Filter>Source Files</Filter>
    </ClCompile>
    <ClCompile Include="SRC\dtrexc.c">
      <Filter>Source Files</Filter>
    </ClCompile>
    <ClCompile Include="BLAS\SRC\dtrmm.c">
      <Filter>Source Files</Filter>
    </ClCompile>
    <ClCompile Include="BLAS\SRC\dtrmv.c">
      <Filter>Source Files</Filter>
    </ClCompile>
    <ClCompile Include="SRC\dtrrfs.c">
      <Filter>Source Files</Filter>
    </ClCompile>
    <ClCompile Include="SRC\dtrsen.c">
      <Filter>Source Files</Filter>
    </ClCompile>
    <ClCompile Include="BLAS\SRC\dtrsm.c">
      <Filter>Source Files</Filter>
    </ClCompile>
    <ClCompile Include="SRC\dtrsna.c">
      <Filter>Source Files</Filter>
    </ClCompile>
    <ClCompile Include="BLAS\SRC\dtrsv.c">
      <Filter>Source Files</Filter>
    </ClCompile>
    <ClCompile Include="SRC\dtrsyl.c">
      <Filter>Source Files</Filter>
    </ClCompile>
    <ClCompile Include="SRC\dtrti2.c">
      <Filter>Source Files</Filter>
    </ClCompile>
    <ClCompile Include="SRC\dtrtri.c">
      <Filter>Source Files</Filter>
    </ClCompile>
    <ClCompile Include="SRC\dtrtrs.c">
      <Filter>Source Files</Filter>
    </ClCompile>
    <ClCompile Include="SRC\dtzrqf.c">
      <Filter>Source Files</Filter>
    </ClCompile>
    <ClCompile Include="SRC\dtzrzf.c">
      <Filter>Source Files</Filter>
    </ClCompile>
    <ClCompile Include="BLAS\SRC\dzasum.c">
      <Filter>Source Files</Filter>
    </ClCompile>
    <ClCompile Include="BLAS\SRC\dznrm2.c">
      <Filter>Source Files</Filter>
    </ClCompile>
    <ClCompile Include="SRC\dzsum1.c">
      <Filter>Source Files</Filter>
    </ClCompile>
    <ClCompile Include="BLAS\SRC\icamax.c">
      <Filter>Source Files</Filter>
    </ClCompile>
    <ClCompile Include="SRC\icmax1.c">
      <Filter>Source Files</Filter>
    </ClCompile>
    <ClCompile Include="BLAS\SRC\idamax.c">
      <Filter>Source Files</Filter>
    </ClCompile>
    <ClCompile Include="SRC\ieeeck.c">
      <Filter>Source Files</Filter>
    </ClCompile>
    <ClCompile Include="SRC\ilaenv.c">
      <Filter>Source Files</Filter>
    </ClCompile>
    <ClCompile Include="INSTALL\ilaver.c">
      <Filter>Source Files</Filter>
    </ClCompile>
    <ClCompile Include="SRC\ilaver.c">
      <Filter>Source Files</Filter>
    </ClCompile>
    <ClCompile Include="SRC\iparmq.c">
      <Filter>Source Files</Filter>
    </ClCompile>
    <ClCompile Include="BLAS\SRC\isamax.c">
      <Filter>Source Files</Filter>
    </ClCompile>
    <ClCompile Include="BLAS\SRC\izamax.c">
      <Filter>Source Files</Filter>
    </ClCompile>
    <ClCompile Include="SRC\izmax1.c">
      <Filter>Source Files</Filter>
    </ClCompile>
    <ClCompile Include="INSTALL\LAPACK_version.c">
      <Filter>Source Files</Filter>
    </ClCompile>
    <ClCompile Include="INSTALL\lsame.c">
      <Filter>Source Files</Filter>
    </ClCompile>
    <ClCompile Include="BLAS\SRC\lsame.c">
      <Filter>Source Files</Filter>
    </ClCompile>
    <ClCompile Include="SRC\lsamen.c">
      <Filter>Source Files</Filter>
    </ClCompile>
    <ClCompile Include="INSTALL\lsametst.c">
      <Filter>Source Files</Filter>
    </ClCompile>
    <ClCompile Include="INSTALL\tstiee.c">
      <Filter>Source Files</Filter>
    </ClCompile>
    <ClCompile Include="BLAS\SRC\xerbla.c">
      <Filter>Source Files</Filter>
    </ClCompile>
    <ClCompile Include="SRC\xerbla.c">
      <Filter>Source Files</Filter>
    </ClCompile>
  </ItemGroup>
</Project>