
Microsoft Visual Studio Solution File, Format Version 9.00
# Visual Studio 2005
Project("{8BC9CEB8-8B4A-11D0-8D11-00A0C91BC942}") = "Bundler", "Bundler.vcproj", "{1F292560-62CF-4A80-A157-A2EE06A4F461}"
	ProjectSection(ProjectDependencies) = postProject
		{64AC4653-466C-4AA1-A9E0-61B3877944CD} = {64AC4653-466C-4AA1-A9E0-61B3877944CD}
		{731F2109-1E74-4509-AC90-683C092614AF} = {731F2109-1E74-4509-AC90-683C092614AF}
		{19073530-AA3E-411E-B869-3C68BED3D9AE} = {19073530-AA3E-411E-B869-3C68BED3D9AE}
		{036DFA58-A699-4EDC-8560-DA257B16DF9B} = {036DFA58-A699-4EDC-8560-DA257B16DF9B}
		{9FFEA15D-094D-43C9-94DB-551EA49B1FCA} = {9FFEA15D-094D-43C9-94DB-551EA49B1FCA}
		{ECDBE0BF-6E8D-4A37-B7F9-E415FEDFE367} = {ECDBE0BF-6E8D-4A37-B7F9-E415FEDFE367}
		{726E00FB-025B-42D4-83B4-1BD5F15DD1F4} = {726E00FB-025B-42D4-83B4-1BD5F15DD1F4}
		{DCA45EA3-CE31-4D66-87E4-89D85BEE8BAE} = {DCA45EA3-CE31-4D66-87E4-89D85BEE8BAE}
		{1C54AC20-DA61-4E7F-96D0-1438EB3D4C10} = {1C54AC20-DA61-4E7F-96D0-1438EB3D4C10}
		{EAD96717-53E5-4D12-9F04-596F54EEB22A} = {EAD96717-53E5-4D12-9F04-596F54EEB22A}
		{B327F8A7-2D8F-4E5B-88F8-C719BB99A155} = {B327F8A7-2D8F-4E5B-88F8-C719BB99A155}
		{80759706-388F-475A-B149-E96A0516AAE1} = {80759706-388F-475A-B149-E96A0516AAE1}
	EndProjectSection
EndProject
Project("{8BC9CEB8-8B4A-11D0-8D11-00A0C91BC942}") = "5point", "..\lib\5point\5point.vcproj", "{ECDBE0BF-6E8D-4A37-B7F9-E415FEDFE367}"
EndProject
Project("{8BC9CEB8-8B4A-11D0-8D11-00A0C91BC942}") = "imagelib", "..\lib\imagelib\imagelib.vcproj", "{9FFEA15D-094D-43C9-94DB-551EA49B1FCA}"
EndProject
Project("{8BC9CEB8-8B4A-11D0-8D11-00A0C91BC942}") = "matrix", "..\lib\matrix\matrix.vcproj", "{036DFA58-A699-4EDC-8560-DA257B16DF9B}"
EndProject
Project("{8BC9CEB8-8B4A-11D0-8D11-00A0C91BC942}") = "sba-1.5", "..\lib\sba-1.5\sba-1.5.vcproj", "{731F2109-1E74-4509-AC90-683C092614AF}"
EndProject
Project("{8BC9CEB8-8B4A-11D0-8D11-00A0C91BC942}") = "sfm-driver", "..\lib\sfm-driver\sfm-driver.vcproj", "{19073530-AA3E-411E-B869-3C68BED3D9AE}"
EndProject
Project("{8BC9CEB8-8B4A-11D0-8D11-00A0C91BC942}") = "ann_1.1_char", "..\lib\ann_1.1_char\ann_1.1_char.vcproj", "{80759706-388F-475A-B149-E96A0516AAE1}"
EndProject
Project("{8BC9CEB8-8B4A-11D0-8D11-00A0C91BC942}") = "KeyMatchFull", "KeyMatchFull.vcproj", "{70C25E8E-3069-470E-BEAD-5134BF98ACC0}"
	ProjectSection(ProjectDependencies) = postProject
		{80759706-388F-475A-B149-E96A0516AAE1} = {80759706-388F-475A-B149-E96A0516AAE1}
	EndProjectSection
EndProject
Project("{8BC9CEB8-8B4A-11D0-8D11-00A0C91BC942}") = "getopt", "..\lib\getopt\getopt.vcproj", "{726E00FB-025B-42D4-83B4-1BD5F15DD1F4}"
EndProject
Project("{8BC9CEB8-8B4A-11D0-8D11-00A0C91BC942}") = "cblas", "..\lib\cblas\cblas.vcproj", "{EAD96717-53E5-4D12-9F04-596F54EEB22A}"
EndProject
Project("{8BC9CEB8-8B4A-11D0-8D11-00A0C91BC942}") = "clapack", "..\lib\clapack\clapack.vcproj", "{DCA45EA3-CE31-4D66-87E4-89D85BEE8BAE}"
EndProject
Project("{8BC9CEB8-8B4A-11D0-8D11-00A0C91BC942}") = "f2c", "..\lib\f2c\f2c.vcproj", "{1C54AC20-DA61-4E7F-96D0-1438EB3D4C10}"
EndProject
Project("{8BC9CEB8-8B4A-11D0-8D11-00A0C91BC942}") = "cminpack", "..\lib\cminpack\cminpack.vcproj", "{B327F8A7-2D8F-4E5B-88F8-C719BB99A155}"
EndProject
Project("{8BC9CEB8-8B4A-11D0-8D11-00A0C91BC942}") = "jpeg", "..\lib\jpeg\jpeg.vcproj", "{64AC4653-466C-4AA1-A9E0-61B3877944CD}"
EndProject
Project("{8BC9CEB8-8B4A-11D0-8D11-00A0C91BC942}") = "Bundle2PMVS", "Bundle2PMVS.vcproj", "{89822BB0-494A-4822-B39F-8828FFBB33F5}"
	ProjectSection(ProjectDependencies) = postProject
		{036DFA58-A699-4EDC-8560-DA257B16DF9B} = {036DFA58-A699-4EDC-8560-DA257B16DF9B}
		{DCA45EA3-CE31-4D66-87E4-89D85BEE8BAE} = {DCA45EA3-CE31-4D66-87E4-89D85BEE8BAE}
		{9FFEA15D-094D-43C9-94DB-551EA49B1FCA} = {9FFEA15D-094D-43C9-94DB-551EA49B1FCA}
		{EAD96717-53E5-4D12-9F04-596F54EEB22A} = {EAD96717-53E5-4D12-9F04-596F54EEB22A}
		{B327F8A7-2D8F-4E5B-88F8-C719BB99A155} = {B327F8A7-2D8F-4E5B-88F8-C719BB99A155}
		{64AC4653-466C-4AA1-A9E0-61B3877944CD} = {64AC4653-466C-4AA1-A9E0-61B3877944CD}
		{1C54AC20-DA61-4E7F-96D0-1438EB3D4C10} = {1C54AC20-DA61-4E7F-96D0-1438EB3D4C10}
	EndProjectSection
EndProject
Project("{8BC9CEB8-8B4A-11D0-8D11-00A0C91BC942}") = "RadialUndistort", "RadialUndistort.vcproj", "{671EBC7C-3CD7-4BBC-A32A-A7FC8CBF761B}"
	ProjectSection(ProjectDependencies) = postProject
		{EAD96717-53E5-4D12-9F04-596F54EEB22A} = {EAD96717-53E5-4D12-9F04-596F54EEB22A}
		{1C54AC20-DA61-4E7F-96D0-1438EB3D4C10} = {1C54AC20-DA61-4E7F-96D0-1438EB3D4C10}
		{64AC4653-466C-4AA1-A9E0-61B3877944CD} = {64AC4653-466C-4AA1-A9E0-61B3877944CD}
		{036DFA58-A699-4EDC-8560-DA257B16DF9B} = {036DFA58-A699-4EDC-8560-DA257B16DF9B}
		{9FFEA15D-094D-43C9-94DB-551EA49B1FCA} = {9FFEA15D-094D-43C9-94DB-551EA49B1FCA}
		{DCA45EA3-CE31-4D66-87E4-89D85BEE8BAE} = {DCA45EA3-CE31-4D66-87E4-89D85BEE8BAE}
		{B327F8A7-2D8F-4E5B-88F8-C719BB99A155} = {B327F8A7-2D8F-4E5B-88F8-C719BB99A155}
	EndProjectSection
EndProject
Global
	GlobalSection(SolutionConfigurationPlatforms) = preSolution
		Debug|Win32 = Debug|Win32
		Release|Win32 = Release|Win32
	EndGlobalSection
	GlobalSection(ProjectConfigurationPlatforms) = postSolution
		{1F292560-62CF-4A80-A157-A2EE06A4F461}.Debug|Win32.ActiveCfg = Debug|Win32
		{1F292560-62CF-4A80-A157-A2EE06A4F461}.Debug|Win32.Build.0 = Debug|Win32
		{1F292560-62CF-4A80-A157-A2EE06A4F461}.Release|Win32.ActiveCfg = Release|Win32
		{1F292560-62CF-4A80-A157-A2EE06A4F461}.Release|Win32.Build.0 = Release|Win32
		{ECDBE0BF-6E8D-4A37-B7F9-E415FEDFE367}.Debug|Win32.ActiveCfg = Debug|Win32
		{ECDBE0BF-6E8D-4A37-B7F9-E415FEDFE367}.Debug|Win32.Build.0 = Debug|Win32
		{ECDBE0BF-6E8D-4A37-B7F9-E415FEDFE367}.Release|Win32.ActiveCfg = Release|Win32
		{ECDBE0BF-6E8D-4A37-B7F9-E415FEDFE367}.Release|Win32.Build.0 = Release|Win32
		{9FFEA15D-094D-43C9-94DB-551EA49B1FCA}.Debug|Win32.ActiveCfg = Debug|Win32
		{9FFEA15D-094D-43C9-94DB-551EA49B1FCA}.Debug|Win32.Build.0 = Debug|Win32
		{9FFEA15D-094D-43C9-94DB-551EA49B1FCA}.Release|Win32.ActiveCfg = Release|Win32
		{9FFEA15D-094D-43C9-94DB-551EA49B1FCA}.Release|Win32.Build.0 = Release|Win32
		{036DFA58-A699-4EDC-8560-DA257B16DF9B}.Debug|Win32.ActiveCfg = Debug|Win32
		{036DFA58-A699-4EDC-8560-DA257B16DF9B}.Debug|Win32.Build.0 = Debug|Win32
		{036DFA58-A699-4EDC-8560-DA257B16DF9B}.Release|Win32.ActiveCfg = Release|Win32
		{036DFA58-A699-4EDC-8560-DA257B16DF9B}.Release|Win32.Build.0 = Release|Win32
		{731F2109-1E74-4509-AC90-683C092614AF}.Debug|Win32.ActiveCfg = Debug|Win32
		{731F2109-1E74-4509-AC90-683C092614AF}.Debug|Win32.Build.0 = Debug|Win32
		{731F2109-1E74-4509-AC90-683C092614AF}.Release|Win32.ActiveCfg = Release|Win32
		{731F2109-1E74-4509-AC90-683C092614AF}.Release|Win32.Build.0 = Release|Win32
		{19073530-AA3E-411E-B869-3C68BED3D9AE}.Debug|Win32.ActiveCfg = Debug|Win32
		{19073530-AA3E-411E-B869-3C68BED3D9AE}.Debug|Win32.Build.0 = Debug|Win32
		{19073530-AA3E-411E-B869-3C68BED3D9AE}.Release|Win32.ActiveCfg = Release|Win32
		{19073530-AA3E-411E-B869-3C68BED3D9AE}.Release|Win32.Build.0 = Release|Win32
		{80759706-388F-475A-B149-E96A0516AAE1}.Debug|Win32.ActiveCfg = Debug|Win32
		{80759706-388F-475A-B149-E96A0516AAE1}.Debug|Win32.Build.0 = Debug|Win32
		{80759706-388F-475A-B149-E96A0516AAE1}.Release|Win32.ActiveCfg = Release|Win32
		{80759706-388F-475A-B149-E96A0516AAE1}.Release|Win32.Build.0 = Release|Win32
		{70C25E8E-3069-470E-BEAD-5134BF98ACC0}.Debug|Win32.ActiveCfg = Debug|Win32
		{70C25E8E-3069-470E-BEAD-5134BF98ACC0}.Debug|Win32.Build.0 = Debug|Win32
		{70C25E8E-3069-470E-BEAD-5134BF98ACC0}.Release|Win32.ActiveCfg = Release|Win32
		{70C25E8E-3069-470E-BEAD-5134BF98ACC0}.Release|Win32.Build.0 = Release|Win32
		{726E00FB-025B-42D4-83B4-1BD5F15DD1F4}.Debug|Win32.ActiveCfg = Debug|Win32
		{726E00FB-025B-42D4-83B4-1BD5F15DD1F4}.Debug|Win32.Build.0 = Debug|Win32
		{726E00FB-025B-42D4-83B4-1BD5F15DD1F4}.Release|Win32.ActiveCfg = Release|Win32
		{726E00FB-025B-42D4-83B4-1BD5F15DD1F4}.Release|Win32.Build.0 = Release|Win32
		{EAD96717-53E5-4D12-9F04-596F54EEB22A}.Debug|Win32.ActiveCfg = Debug|Win32
		{EAD96717-53E5-4D12-9F04-596F54EEB22A}.Debug|Win32.Build.0 = Debug|Win32
		{EAD96717-53E5-4D12-9F04-596F54EEB22A}.Release|Win32.ActiveCfg = Release|Win32
		{EAD96717-53E5-4D12-9F04-596F54EEB22A}.Release|Win32.Build.0 = Release|Win32
		{DCA45EA3-CE31-4D66-87E4-89D85BEE8BAE}.Debug|Win32.ActiveCfg = Debug|Win32
		{DCA45EA3-CE31-4D66-87E4-89D85BEE8BAE}.Debug|Win32.Build.0 = Debug|Win32
		{DCA45EA3-CE31-4D66-87E4-89D85BEE8BAE}.Release|Win32.ActiveCfg = Release|Win32
		{DCA45EA3-CE31-4D66-87E4-89D85BEE8BAE}.Release|Win32.Build.0 = Release|Win32
		{1C54AC20-DA61-4E7F-96D0-1438EB3D4C10}.Debug|Win32.ActiveCfg = Debug|Win32
		{1C54AC20-DA61-4E7F-96D0-1438EB3D4C10}.Debug|Win32.Build.0 = Debug|Win32
		{1C54AC20-DA61-4E7F-96D0-1438EB3D4C10}.Release|Win32.ActiveCfg = Release|Win32
		{1C54AC20-DA61-4E7F-96D0-1438EB3D4C10}.Release|Win32.Build.0 = Release|Win32
		{B327F8A7-2D8F-4E5B-88F8-C719BB99A155}.Debug|Win32.ActiveCfg = Debug|Win32
		{B327F8A7-2D8F-4E5B-88F8-C719BB99A155}.Debug|Win32.Build.0 = Debug|Win32
		{B327F8A7-2D8F-4E5B-88F8-C719BB99A155}.Release|Win32.ActiveCfg = Release|Win32
		{B327F8A7-2D8F-4E5B-88F8-C719BB99A155}.Release|Win32.Build.0 = Release|Win32
		{64AC4653-466C-4AA1-A9E0-61B3877944CD}.Debug|Win32.ActiveCfg = Debug|Win32
		{64AC4653-466C-4AA1-A9E0-61B3877944CD}.Debug|Win32.Build.0 = Debug|Win32
		{64AC4653-466C-4AA1-A9E0-61B3877944CD}.Release|Win32.ActiveCfg = Release|Win32
		{64AC4653-466C-4AA1-A9E0-61B3877944CD}.Release|Win32.Build.0 = Release|Win32
		{89822BB0-494A-4822-B39F-8828FFBB33F5}.Debug|Win32.ActiveCfg = Debug|Win32
		{89822BB0-494A-4822-B39F-8828FFBB33F5}.Debug|Win32.Build.0 = Debug|Win32
		{89822BB0-494A-4822-B39F-8828FFBB33F5}.Release|Win32.ActiveCfg = Release|Win32
		{89822BB0-494A-4822-B39F-8828FFBB33F5}.Release|Win32.Build.0 = Release|Win32
		{671EBC7C-3CD7-4BBC-A32A-A7FC8CBF761B}.Debug|Win32.ActiveCfg = Debug|Win32
		{671EBC7C-3CD7-4BBC-A32A-A7FC8CBF761B}.Debug|Win32.Build.0 = Debug|Win32
		{671EBC7C-3CD7-4BBC-A32A-A7FC8CBF761B}.Release|Win32.ActiveCfg = Release|Win32
		{671EBC7C-3CD7-4BBC-A32A-A7FC8CBF761B}.Release|Win32.Build.0 = Release|Win32
	EndGlobalSection
	GlobalSection(SolutionProperties) = preSolution
		HideSolutionNode = FALSE
	EndGlobalSection
EndGlobal
