<?xml version="1.0" encoding="utf-8"?>
<Project ToolsVersion="4.0" xmlns="http://schemas.microsoft.com/developer/msbuild/2003">
  <ItemGroup>
    <Filter Include="Source Files">
      <UniqueIdentifier>{4FC737F1-C7A5-4376-A066-2A32D752A2FF}</UniqueIdentifier>
      <Extensions>cpp;c;cc;cxx;def;odl;idl;hpj;bat;asm;asmx</Extensions>
    </Filter>
    <Filter Include="Header Files">
      <UniqueIdentifier>{93995380-89BD-4b04-88EB-625FBE52EBFB}</UniqueIdentifier>
      <Extensions>h;hpp;hxx;hm;inl;inc;xsd</Extensions>
    </Filter>
  </ItemGroup>
  <ItemGroup>
    <ClCompile Include="chkder.c">
      <Filter>Source Files</Filter>
    </ClCompile>
    <ClCompile Include="dogleg.c">
      <Filter>Source Files</Filter>
    </ClCompile>
    <ClCompile Include="dpmpar.c">
      <Filter>Source Files</Filter>
    </ClCompile>
    <ClCompile Include="enorm.c">
      <Filter>Source Files</Filter>
    </ClCompile>
    <ClCompile Include="fdjac1.c">
      <Filter>Source Files</Filter>
    </ClCompile>
    <ClCompile Include="fdjac2.c">
      <Filter>Source Files</Filter>
    </ClCompile>
    <ClCompile Include="hybrd.c">
      <Filter>Source Files</Filter>
    </ClCompile>
    <ClCompile Include="hybrd1.c">
      <Filter>Source Files</Filter>
    </ClCompile>
    <ClCompile Include="hybrj.c">
      <Filter>Source Files</Filter>
    </ClCompile>
    <ClCompile Include="hybrj1.c">
      <Filter>Source Files</Filter>
    </ClCompile>
    <ClCompile Include="lmder.c">
      <Filter>Source Files</Filter>
    </ClCompile>
    <ClCompile Include="lmder1.c">
      <Filter>Source Files</Filter>
    </ClCompile>
    <ClCompile Include="lmdif.c">
      <Filter>Source Files</Filter>
    </ClCompile>
    <ClCompile Include="lmdif1.c">
      <Filter>Source Files</Filter>
    </ClCompile>
    <ClCompile Include="lmpar.c">
      <Filter>Source Files</Filter>
    </ClCompile>
    <ClCompile Include="lmstr.c">
      <Filter>Source Files</Filter>
    </ClCompile>
    <ClCompile Include="lmstr1.c">
      <Filter>Source Files</Filter>
    </ClCompile>
    <ClCompile Include="qform.c">
      <Filter>Source Files</Filter>
    </ClCompile>
    <ClCompile Include="qrfac.c">
      <Filter>Source Files</Filter>
    </ClCompile>
    <ClCompile Include="qrsolv.c">
      <Filter>Source Files</Filter>
    </ClCompile>
    <ClCompile Include="r1mpyq.c">
      <Filter>Source Files</Filter>
    </ClCompile>
    <ClCompile Include="r1updt.c">
      <Filter>Source Files</Filter>
    </ClCompile>
    <ClCompile Include="rwupdt.c">
      <Filter>Source Files</Filter>
    </ClCompile>
  </ItemGroup>
  <ItemGroup>
    <ClInclude Include="minpack.h">
      <Filter>Header Files</Filter>
    </ClInclude>
  </ItemGroup>
</Project>